
Microsoft Visual Studio Solution File, Format Version 12.00
# Visual Studio Version 17
VisualStudioVersion = 17.3.32901.215
MinimumVisualStudioVersion = 10.0.40219.1
Project("{E53339B2-1760-4266-BCC7-CA923CBCF16C}") = "docker-compose", "docker-compose.dcproj", "{52B928CE-2EBD-4085-8850-589A7D089659}"
EndProject
Project("{2150E333-8FDC-42A3-9474-1A3956D46DE8}") = ".files", ".files", "{18C1D6F2-CC70-4D76-80E5-B1C9DC6FFC1A}"
	ProjectSection(SolutionItems) = preProject
		.editorconfig = .editorconfig
	EndProjectSection
EndProject
Project("{9A19103F-16F7-4668-BE54-9A1E7A4F7556}") = "Victa.Backend.Accounts", "Victa.Backend.Accounts\Victa.Backend.Accounts.csproj", "{AD643F6A-ECD0-400C-A22D-CF500D6B43D1}"
EndProject
Project("{9A19103F-16F7-4668-BE54-9A1E7A4F7556}") = "Victa.Backend.Accounts.Deployment", "Victa.Backend.Accounts.Deployment\Victa.Backend.Accounts.Deployment.csproj", "{432C40D5-B6C3-4ABD-B4DB-CE8C348DDE33}"
EndProject
Project("{FAE04EC0-301F-11D3-BF4B-00C04F79EFBC}") = "Victa.Backend.Accounts.Contracts", "Victa.Backend.Accounts.Contracts\Victa.Backend.Accounts.Contracts.csproj", "{3082B622-5B30-41CC-9B9F-84F8DBEF61DB}"
EndProject
Global
	GlobalSection(SolutionConfigurationPlatforms) = preSolution
		Debug|Any CPU = Debug|Any CPU
		Release|Any CPU = Release|Any CPU
	EndGlobalSection
	GlobalSection(ProjectConfigurationPlatforms) = postSolution
		{52B928CE-2EBD-4085-8850-589A7D089659}.Debug|Any CPU.ActiveCfg = Debug|Any CPU
		{52B928CE-2EBD-4085-8850-589A7D089659}.Debug|Any CPU.Build.0 = Debug|Any CPU
		{52B928CE-2EBD-4085-8850-589A7D089659}.Release|Any CPU.ActiveCfg = Release|Any CPU
		{52B928CE-2EBD-4085-8850-589A7D089659}.Release|Any CPU.Build.0 = Release|Any CPU
		{AD643F6A-ECD0-400C-A22D-CF500D6B43D1}.Debug|Any CPU.ActiveCfg = Debug|Any CPU
		{AD643F6A-ECD0-400C-A22D-CF500D6B43D1}.Debug|Any CPU.Build.0 = Debug|Any CPU
		{AD643F6A-ECD0-400C-A22D-CF500D6B43D1}.Release|Any CPU.ActiveCfg = Release|Any CPU
		{AD643F6A-ECD0-400C-A22D-CF500D6B43D1}.Release|Any CPU.Build.0 = Release|Any CPU
		{432C40D5-B6C3-4ABD-B4DB-CE8C348DDE33}.Debug|Any CPU.ActiveCfg = Debug|Any CPU
		{432C40D5-B6C3-4ABD-B4DB-CE8C348DDE33}.Debug|Any CPU.Build.0 = Debug|Any CPU
		{432C40D5-B6C3-4ABD-B4DB-CE8C348DDE33}.Release|Any CPU.ActiveCfg = Release|Any CPU
		{432C40D5-B6C3-4ABD-B4DB-CE8C348DDE33}.Release|Any CPU.Build.0 = Release|Any CPU
		{3082B622-5B30-41CC-9B9F-84F8DBEF61DB}.Debug|Any CPU.ActiveCfg = Debug|Any CPU
		{3082B622-5B30-41CC-9B9F-84F8DBEF61DB}.Debug|Any CPU.Build.0 = Debug|Any CPU
		{3082B622-5B30-41CC-9B9F-84F8DBEF61DB}.Release|Any CPU.ActiveCfg = Release|Any CPU
		{3082B622-5B30-41CC-9B9F-84F8DBEF61DB}.Release|Any CPU.Build.0 = Release|Any CPU
	EndGlobalSection
	GlobalSection(SolutionProperties) = preSolution
		HideSolutionNode = FALSE
	EndGlobalSection
	GlobalSection(ExtensibilityGlobals) = postSolution
		SolutionGuid = {7F722875-E4E2-4F87-9E55-DD8EB2E5D6EF}
	EndGlobalSection
EndGlobal
