
Microsoft Visual Studio Solution File, Format Version 12.00
# Visual Studio Version 17
VisualStudioVersion = 17.3.32901.215
MinimumVisualStudioVersion = 10.0.40219.1
Project("{E53339B2-1760-4266-BCC7-CA923CBCF16C}") = "docker-compose", "docker-compose.dcproj", "{6DD860E3-A9B4-442D-B03F-6F82FB61E18D}"
EndProject
Project("{9A19103F-16F7-4668-BE54-9A1E7A4F7556}") = "Victa.Backend.Contracts", "Victa.Backend.Contracts\Victa.Backend.Contracts.csproj", "{1AAB97E1-6E17-451D-BB18-3C26AEFF54B1}"
EndProject
Project("{2150E333-8FDC-42A3-9474-1A3956D46DE8}") = ".tests", ".tests", "{DD6EB7EA-C5E6-4EE6-A8A7-33169F80F9DF}"
EndProject
Project("{9A19103F-16F7-4668-BE54-9A1E7A4F7556}") = "Victa.Backend", "Victa.Backend\Victa.Backend.csproj", "{07D2E585-C782-4788-942E-DCCDBA746BEA}"
EndProject
Project("{9A19103F-16F7-4668-BE54-9A1E7A4F7556}") = "Victa.Backend.Tests.Unit", "Victa.Backend.Tests.Unit\Victa.Backend.Tests.Unit.csproj", "{98F3B8E9-EAED-4BAE-9009-1E6CA266AAD5}"
EndProject
Project("{9A19103F-16F7-4668-BE54-9A1E7A4F7556}") = "Victa.Backend.Core", "Victa.Backend.Core\Victa.Backend.Core.csproj", "{2A2A5F1C-9B55-4EE1-AB8B-A117475481F1}"
EndProject
Project("{9A19103F-16F7-4668-BE54-9A1E7A4F7556}") = "Victa.Backend.Parts.GBQExporter", "Victa.Backend.Parts.GBQExporter\Victa.Backend.Parts.GBQExporter.csproj", "{F08D4EB6-994D-48FB-B8B3-D0E36048353E}"
EndProject
Project("{2150E333-8FDC-42A3-9474-1A3956D46DE8}") = "modules", "modules", "{C64DDAB9-404C-42A9-9B24-BF4B11D2B972}"
EndProject
Project("{9A19103F-16F7-4668-BE54-9A1E7A4F7556}") = "Victa.Backend.Deployment", "Victa.Backend.Deployment\Victa.Backend.Deployment.csproj", "{29D3C1CF-7A4D-44BB-B96B-4A16E94E823A}"
EndProject
Project("{9A19103F-16F7-4668-BE54-9A1E7A4F7556}") = "Victa.Backend.Integrations.Geoapify", "Victa.Backend.Integrations.Geoapify\Victa.Backend.Integrations.Geoapify.csproj", "{190D812C-77CF-4E50-83A7-F64279808EDB}"
EndProject
Project("{2150E333-8FDC-42A3-9474-1A3956D46DE8}") = ".files", ".files", "{18C1D6F2-CC70-4D76-80E5-B1C9DC6FFC1A}"
	ProjectSection(SolutionItems) = preProject
		.editorconfig = .editorconfig
		.github\workflows\deploy.production.yml = .github\workflows\deploy.production.yml
		.github\workflows\deploy.qa.yml = .github\workflows\deploy.qa.yml
	EndProjectSection
EndProject
Project("{2150E333-8FDC-42A3-9474-1A3956D46DE8}") = ".github", ".github", "{079B660B-202C-43BF-BFBC-17C684020C94}"
EndProject
Project("{2150E333-8FDC-42A3-9474-1A3956D46DE8}") = "workflows", "workflows", "{D6FB4DD6-99DE-40DB-82E6-6B9B41D04DE9}"
	ProjectSection(SolutionItems) = preProject
		.github\workflows\deploy.production.yml = .github\workflows\deploy.production.yml
		.github\workflows\deploy.qa.yml = .github\workflows\deploy.qa.yml
	EndProjectSection
EndProject
Project("{9A19103F-16F7-4668-BE54-9A1E7A4F7556}") = "Victa.Backend.Parts.Files.Tests.Unit", "Victa.Backend.Parts.Files.Tests.Unit\Victa.Backend.Parts.Files.Tests.Unit.csproj", "{CACBFA93-FADE-4613-8FF2-F4825B3BAE61}"
EndProject
Project("{2150E333-8FDC-42A3-9474-1A3956D46DE8}") = "Parts", "Parts", "{331AEC1B-FD61-4840-AEAA-7CD7A891F038}"
EndProject
Project("{2150E333-8FDC-42A3-9474-1A3956D46DE8}") = "Files", "Files", "{D04847A8-89E4-4D2F-B51F-95FA37B0AF97}"
EndProject
Project("{9A19103F-16F7-4668-BE54-9A1E7A4F7556}") = "Victa.Backend.Parts.Files", "Victa.Backend.Parts.Files\Victa.Backend.Parts.Files.csproj", "{ED80A14F-2027-4883-B60C-A1D91034F41F}"
EndProject
Project("{2150E333-8FDC-42A3-9474-1A3956D46DE8}") = "GBQExporter", "GBQExporter", "{725F5DA9-B1E1-4C4A-9BAA-0D2952174C43}"
EndProject
Project("{2150E333-8FDC-42A3-9474-1A3956D46DE8}") = "Content", "Content", "{2B3870D7-D1B0-4FCD-A956-9D69B51AED01}"
EndProject
Project("{9A19103F-16F7-4668-BE54-9A1E7A4F7556}") = "Victa.Backend.Parts.Content", "Victa.Backend.Parts.Content\Victa.Backend.Parts.Content.csproj", "{2DAD75C7-B5A1-4F0B-8621-80C5F3D1F1EF}"
EndProject
Project("{9A19103F-16F7-4668-BE54-9A1E7A4F7556}") = "Victa.Backend.Parts.Content.Tests.Unit", "Victa.Backend.Parts.Content.Tests.Unit\Victa.Backend.Parts.Content.Tests.Unit.csproj", "{5367EA6E-B325-4ABA-A559-DA8C8D9D82BE}"
EndProject
Project("{2150E333-8FDC-42A3-9474-1A3956D46DE8}") = "Accounts", "Accounts", "{E5C174F9-35F6-4613-AA6F-4672E28726D5}"
EndProject
Project("{FAE04EC0-301F-11D3-BF4B-00C04F79EFBC}") = "Victa.Backend.Accounts", "Accounts\Victa.Backend.Accounts\Victa.Backend.Accounts.csproj", "{64F164A8-E960-4410-8B18-45CD4269F724}"
EndProject
Project("{FAE04EC0-301F-11D3-BF4B-00C04F79EFBC}") = "Victa.Backend.Accounts.Deployment", "Accounts\Victa.Backend.Accounts.Deployment\Victa.Backend.Accounts.Deployment.csproj", "{C2CC0600-5951-4EF8-98A0-23086BEC9118}"
EndProject
Global
	GlobalSection(SolutionConfigurationPlatforms) = preSolution
		Debug|Any CPU = Debug|Any CPU
		Release|Any CPU = Release|Any CPU
	EndGlobalSection
	GlobalSection(ProjectConfigurationPlatforms) = postSolution
		{6DD860E3-A9B4-442D-B03F-6F82FB61E18D}.Debug|Any CPU.ActiveCfg = Debug|Any CPU
		{6DD860E3-A9B4-442D-B03F-6F82FB61E18D}.Debug|Any CPU.Build.0 = Debug|Any CPU
		{6DD860E3-A9B4-442D-B03F-6F82FB61E18D}.Release|Any CPU.ActiveCfg = Release|Any CPU
		{6DD860E3-A9B4-442D-B03F-6F82FB61E18D}.Release|Any CPU.Build.0 = Release|Any CPU
		{1AAB97E1-6E17-451D-BB18-3C26AEFF54B1}.Debug|Any CPU.ActiveCfg = Debug|Any CPU
		{1AAB97E1-6E17-451D-BB18-3C26AEFF54B1}.Debug|Any CPU.Build.0 = Debug|Any CPU
		{1AAB97E1-6E17-451D-BB18-3C26AEFF54B1}.Release|Any CPU.ActiveCfg = Release|Any CPU
		{1AAB97E1-6E17-451D-BB18-3C26AEFF54B1}.Release|Any CPU.Build.0 = Release|Any CPU
		{07D2E585-C782-4788-942E-DCCDBA746BEA}.Debug|Any CPU.ActiveCfg = Debug|Any CPU
		{07D2E585-C782-4788-942E-DCCDBA746BEA}.Debug|Any CPU.Build.0 = Debug|Any CPU
		{07D2E585-C782-4788-942E-DCCDBA746BEA}.Release|Any CPU.ActiveCfg = Release|Any CPU
		{07D2E585-C782-4788-942E-DCCDBA746BEA}.Release|Any CPU.Build.0 = Release|Any CPU
		{98F3B8E9-EAED-4BAE-9009-1E6CA266AAD5}.Debug|Any CPU.ActiveCfg = Debug|Any CPU
		{98F3B8E9-EAED-4BAE-9009-1E6CA266AAD5}.Debug|Any CPU.Build.0 = Debug|Any CPU
		{98F3B8E9-EAED-4BAE-9009-1E6CA266AAD5}.Release|Any CPU.ActiveCfg = Release|Any CPU
		{98F3B8E9-EAED-4BAE-9009-1E6CA266AAD5}.Release|Any CPU.Build.0 = Release|Any CPU
		{2A2A5F1C-9B55-4EE1-AB8B-A117475481F1}.Debug|Any CPU.ActiveCfg = Debug|Any CPU
		{2A2A5F1C-9B55-4EE1-AB8B-A117475481F1}.Debug|Any CPU.Build.0 = Debug|Any CPU
		{2A2A5F1C-9B55-4EE1-AB8B-A117475481F1}.Release|Any CPU.ActiveCfg = Release|Any CPU
		{2A2A5F1C-9B55-4EE1-AB8B-A117475481F1}.Release|Any CPU.Build.0 = Release|Any CPU
		{F08D4EB6-994D-48FB-B8B3-D0E36048353E}.Debug|Any CPU.ActiveCfg = Debug|Any CPU
		{F08D4EB6-994D-48FB-B8B3-D0E36048353E}.Debug|Any CPU.Build.0 = Debug|Any CPU
		{F08D4EB6-994D-48FB-B8B3-D0E36048353E}.Release|Any CPU.ActiveCfg = Release|Any CPU
		{F08D4EB6-994D-48FB-B8B3-D0E36048353E}.Release|Any CPU.Build.0 = Release|Any CPU
		{29D3C1CF-7A4D-44BB-B96B-4A16E94E823A}.Debug|Any CPU.ActiveCfg = Debug|Any CPU
		{29D3C1CF-7A4D-44BB-B96B-4A16E94E823A}.Debug|Any CPU.Build.0 = Debug|Any CPU
		{29D3C1CF-7A4D-44BB-B96B-4A16E94E823A}.Release|Any CPU.ActiveCfg = Release|Any CPU
		{29D3C1CF-7A4D-44BB-B96B-4A16E94E823A}.Release|Any CPU.Build.0 = Release|Any CPU
		{190D812C-77CF-4E50-83A7-F64279808EDB}.Debug|Any CPU.ActiveCfg = Debug|Any CPU
		{190D812C-77CF-4E50-83A7-F64279808EDB}.Debug|Any CPU.Build.0 = Debug|Any CPU
		{190D812C-77CF-4E50-83A7-F64279808EDB}.Release|Any CPU.ActiveCfg = Release|Any CPU
		{190D812C-77CF-4E50-83A7-F64279808EDB}.Release|Any CPU.Build.0 = Release|Any CPU
		{CACBFA93-FADE-4613-8FF2-F4825B3BAE61}.Debug|Any CPU.ActiveCfg = Debug|Any CPU
		{CACBFA93-FADE-4613-8FF2-F4825B3BAE61}.Debug|Any CPU.Build.0 = Debug|Any CPU
		{CACBFA93-FADE-4613-8FF2-F4825B3BAE61}.Release|Any CPU.ActiveCfg = Release|Any CPU
		{CACBFA93-FADE-4613-8FF2-F4825B3BAE61}.Release|Any CPU.Build.0 = Release|Any CPU
		{ED80A14F-2027-4883-B60C-A1D91034F41F}.Debug|Any CPU.ActiveCfg = Debug|Any CPU
		{ED80A14F-2027-4883-B60C-A1D91034F41F}.Debug|Any CPU.Build.0 = Debug|Any CPU
		{ED80A14F-2027-4883-B60C-A1D91034F41F}.Release|Any CPU.ActiveCfg = Release|Any CPU
		{ED80A14F-2027-4883-B60C-A1D91034F41F}.Release|Any CPU.Build.0 = Release|Any CPU
		{2DAD75C7-B5A1-4F0B-8621-80C5F3D1F1EF}.Debug|Any CPU.ActiveCfg = Debug|Any CPU
		{2DAD75C7-B5A1-4F0B-8621-80C5F3D1F1EF}.Debug|Any CPU.Build.0 = Debug|Any CPU
		{2DAD75C7-B5A1-4F0B-8621-80C5F3D1F1EF}.Release|Any CPU.ActiveCfg = Release|Any CPU
		{2DAD75C7-B5A1-4F0B-8621-80C5F3D1F1EF}.Release|Any CPU.Build.0 = Release|Any CPU
		{5367EA6E-B325-4ABA-A559-DA8C8D9D82BE}.Debug|Any CPU.ActiveCfg = Debug|Any CPU
		{5367EA6E-B325-4ABA-A559-DA8C8D9D82BE}.Debug|Any CPU.Build.0 = Debug|Any CPU
		{5367EA6E-B325-4ABA-A559-DA8C8D9D82BE}.Release|Any CPU.ActiveCfg = Release|Any CPU
		{5367EA6E-B325-4ABA-A559-DA8C8D9D82BE}.Release|Any CPU.Build.0 = Release|Any CPU
		{64F164A8-E960-4410-8B18-45CD4269F724}.Debug|Any CPU.ActiveCfg = Debug|Any CPU
		{64F164A8-E960-4410-8B18-45CD4269F724}.Debug|Any CPU.Build.0 = Debug|Any CPU
		{64F164A8-E960-4410-8B18-45CD4269F724}.Release|Any CPU.ActiveCfg = Release|Any CPU
		{64F164A8-E960-4410-8B18-45CD4269F724}.Release|Any CPU.Build.0 = Release|Any CPU
		{C2CC0600-5951-4EF8-98A0-23086BEC9118}.Debug|Any CPU.ActiveCfg = Debug|Any CPU
		{C2CC0600-5951-4EF8-98A0-23086BEC9118}.Debug|Any CPU.Build.0 = Debug|Any CPU
		{C2CC0600-5951-4EF8-98A0-23086BEC9118}.Release|Any CPU.ActiveCfg = Release|Any CPU
		{C2CC0600-5951-4EF8-98A0-23086BEC9118}.Release|Any CPU.Build.0 = Release|Any CPU
	EndGlobalSection
	GlobalSection(SolutionProperties) = preSolution
		HideSolutionNode = FALSE
	EndGlobalSection
	GlobalSection(NestedProjects) = preSolution
		{1AAB97E1-6E17-451D-BB18-3C26AEFF54B1} = {C64DDAB9-404C-42A9-9B24-BF4B11D2B972}
		{98F3B8E9-EAED-4BAE-9009-1E6CA266AAD5} = {DD6EB7EA-C5E6-4EE6-A8A7-33169F80F9DF}
		{2A2A5F1C-9B55-4EE1-AB8B-A117475481F1} = {C64DDAB9-404C-42A9-9B24-BF4B11D2B972}
		{F08D4EB6-994D-48FB-B8B3-D0E36048353E} = {725F5DA9-B1E1-4C4A-9BAA-0D2952174C43}
		{D6FB4DD6-99DE-40DB-82E6-6B9B41D04DE9} = {079B660B-202C-43BF-BFBC-17C684020C94}
		{CACBFA93-FADE-4613-8FF2-F4825B3BAE61} = {D04847A8-89E4-4D2F-B51F-95FA37B0AF97}
		{D04847A8-89E4-4D2F-B51F-95FA37B0AF97} = {331AEC1B-FD61-4840-AEAA-7CD7A891F038}
		{ED80A14F-2027-4883-B60C-A1D91034F41F} = {D04847A8-89E4-4D2F-B51F-95FA37B0AF97}
		{725F5DA9-B1E1-4C4A-9BAA-0D2952174C43} = {331AEC1B-FD61-4840-AEAA-7CD7A891F038}
		{2B3870D7-D1B0-4FCD-A956-9D69B51AED01} = {331AEC1B-FD61-4840-AEAA-7CD7A891F038}
		{2DAD75C7-B5A1-4F0B-8621-80C5F3D1F1EF} = {2B3870D7-D1B0-4FCD-A956-9D69B51AED01}
		{5367EA6E-B325-4ABA-A559-DA8C8D9D82BE} = {2B3870D7-D1B0-4FCD-A956-9D69B51AED01}
		{64F164A8-E960-4410-8B18-45CD4269F724} = {E5C174F9-35F6-4613-AA6F-4672E28726D5}
		{C2CC0600-5951-4EF8-98A0-23086BEC9118} = {E5C174F9-35F6-4613-AA6F-4672E28726D5}
	EndGlobalSection
	GlobalSection(ExtensibilityGlobals) = postSolution
		SolutionGuid = {7F722875-E4E2-4F87-9E55-DD8EB2E5D6EF}
	EndGlobalSection
EndGlobal
